
Microsoft Visual Studio Solution File, Format Version 12.00
# Visual Studio Version 16
VisualStudioVersion = 16.0.30523.141
MinimumVisualStudioVersion = 10.0.40219.1
Project("{FAE04EC0-301F-11D3-BF4B-00C04F79EFBC}") = "Bookstore", "Bookstore.csproj", "{ADF974C0-2BE4-42DB-9595-1CE50BD7223F}"
EndProject
Global
	GlobalSection(SolutionConfigurationPlatforms) = preSolution
		Debug|Any CPU = Debug|Any CPU
		Release|Any CPU = Release|Any CPU
	EndGlobalSection
	GlobalSection(ProjectConfigurationPlatforms) = postSolution
		{ADF974C0-2BE4-42DB-9595-1CE50BD7223F}.Debug|Any CPU.ActiveCfg = Debug|Any CPU
		{ADF974C0-2BE4-42DB-9595-1CE50BD7223F}.Debug|Any CPU.Build.0 = Debug|Any CPU
		{ADF974C0-2BE4-42DB-9595-1CE50BD7223F}.Release|Any CPU.ActiveCfg = Release|Any CPU
		{ADF974C0-2BE4-42DB-9595-1CE50BD7223F}.Release|Any CPU.Build.0 = Release|Any CPU
	EndGlobalSection
	GlobalSection(SolutionProperties) = preSolution
		HideSolutionNode = FALSE
	EndGlobalSection
	GlobalSection(ExtensibilityGlobals) = postSolution
		SolutionGuid = {7AD5EBC7-D80F-4CFA-B371-CFDB05954278}
	EndGlobalSection
EndGlobal
